// !$*UTF8*$!
{
	archiveVersion = 1;
	classes = {
	};
	objectVersion = 50;
	objects = {

/* Begin PBXBuildFile section */
		180D2AA001806CA150DF8479 /* Pods_Todooy.framework in Frameworks */ = {isa = PBXBuildFile; fileRef = B2609DD33E40AAA4220B9C49 /* Pods_Todooy.framework */; };
		1E3455BE2267D9A60018DADD /* DataModel.xcdatamodeld in Sources */ = {isa = PBXBuildFile; fileRef = 1E3455BC2267D9A60018DADD /* DataModel.xcdatamodeld */; };
		1EF067AD226FFC64007679CF /* CategoryTableViewController.swift in Sources */ = {isa = PBXBuildFile; fileRef = 1EF067AC226FFC64007679CF /* CategoryTableViewController.swift */; };
		1EFFC23A225C46AD00C13E70 /* AppDelegate.swift in Sources */ = {isa = PBXBuildFile; fileRef = 1EFFC239225C46AD00C13E70 /* AppDelegate.swift */; };
		1EFFC23C225C46AD00C13E70 /* TodoListViewController.swift in Sources */ = {isa = PBXBuildFile; fileRef = 1EFFC23B225C46AD00C13E70 /* TodoListViewController.swift */; };
		1EFFC23F225C46AD00C13E70 /* Main.storyboard in Resources */ = {isa = PBXBuildFile; fileRef = 1EFFC23D225C46AD00C13E70 /* Main.storyboard */; };
		1EFFC241225C46AE00C13E70 /* Assets.xcassets in Resources */ = {isa = PBXBuildFile; fileRef = 1EFFC240225C46AE00C13E70 /* Assets.xcassets */; };
		1EFFC244225C46AE00C13E70 /* LaunchScreen.storyboard in Resources */ = {isa = PBXBuildFile; fileRef = 1EFFC242225C46AE00C13E70 /* LaunchScreen.storyboard */; };
/* End PBXBuildFile section */

/* Begin PBXFileReference section */
		1E3455BD2267D9A60018DADD /* DataModel.xcdatamodel */ = {isa = PBXFileReference; lastKnownFileType = wrapper.xcdatamodel; path = DataModel.xcdatamodel; sourceTree = "<group>"; };
		1EF067AC226FFC64007679CF /* CategoryTableViewController.swift */ = {isa = PBXFileReference; lastKnownFileType = sourcecode.swift; path = CategoryTableViewController.swift; sourceTree = "<group>"; };
		1EFFC236225C46AD00C13E70 /* Todooy.app */ = {isa = PBXFileReference; explicitFileType = wrapper.application; includeInIndex = 0; path = Todooy.app; sourceTree = BUILT_PRODUCTS_DIR; };
		1EFFC239225C46AD00C13E70 /* AppDelegate.swift */ = {isa = PBXFileReference; lastKnownFileType = sourcecode.swift; path = AppDelegate.swift; sourceTree = "<group>"; };
		1EFFC23B225C46AD00C13E70 /* TodoListViewController.swift */ = {isa = PBXFileReference; lastKnownFileType = sourcecode.swift; path = TodoListViewController.swift; sourceTree = "<group>"; };
		1EFFC23E225C46AD00C13E70 /* Base */ = {isa = PBXFileReference; lastKnownFileType = file.storyboard; name = Base; path = Base.lproj/Main.storyboard; sourceTree = "<group>"; };
		1EFFC240225C46AE00C13E70 /* Assets.xcassets */ = {isa = PBXFileReference; lastKnownFileType = folder.assetcatalog; path = Assets.xcassets; sourceTree = "<group>"; };
		1EFFC243225C46AE00C13E70 /* Base */ = {isa = PBXFileReference; lastKnownFileType = file.storyboard; name = Base; path = Base.lproj/LaunchScreen.storyboard; sourceTree = "<group>"; };
		1EFFC245225C46AE00C13E70 /* Info.plist */ = {isa = PBXFileReference; lastKnownFileType = text.plist.xml; path = Info.plist; sourceTree = "<group>"; };
		B2609DD33E40AAA4220B9C49 /* Pods_Todooy.framework */ = {isa = PBXFileReference; explicitFileType = wrapper.framework; includeInIndex = 0; path = Pods_Todooy.framework; sourceTree = BUILT_PRODUCTS_DIR; };
		E50BCC84105EB57869E50485 /* Pods-Todooy.release.xcconfig */ = {isa = PBXFileReference; includeInIndex = 1; lastKnownFileType = text.xcconfig; name = "Pods-Todooy.release.xcconfig"; path = "Target Support Files/Pods-Todooy/Pods-Todooy.release.xcconfig"; sourceTree = "<group>"; };
		EEBC09E2FBEAA0F2930D79FC /* Pods-Todooy.debug.xcconfig */ = {isa = PBXFileReference; includeInIndex = 1; lastKnownFileType = text.xcconfig; name = "Pods-Todooy.debug.xcconfig"; path = "Target Support Files/Pods-Todooy/Pods-Todooy.debug.xcconfig"; sourceTree = "<group>"; };
/* End PBXFileReference section */

/* Begin PBXFrameworksBuildPhase section */
		1EFFC233225C46AC00C13E70 /* Frameworks */ = {
			isa = PBXFrameworksBuildPhase;
			buildActionMask = 2147483647;
			files = (
				180D2AA001806CA150DF8479 /* Pods_Todooy.framework in Frameworks */,
			);
			runOnlyForDeploymentPostprocessing = 0;
		};
/* End PBXFrameworksBuildPhase section */

/* Begin PBXGroup section */
		1E479690225EBC2D00F336EC /* Data Model */ = {
			isa = PBXGroup;
			children = (
				1E3455BC2267D9A60018DADD /* DataModel.xcdatamodeld */,
			);
			path = "Data Model";
			sourceTree = "<group>";
		};
		1E479691225EBC4400F336EC /* Controllers */ = {
			isa = PBXGroup;
			children = (
				1EF067AC226FFC64007679CF /* CategoryTableViewController.swift */,
				1EFFC23B225C46AD00C13E70 /* TodoListViewController.swift */,
			);
			path = Controllers;
			sourceTree = "<group>";
		};
		1E479692225EBC5900F336EC /* View */ = {
			isa = PBXGroup;
			children = (
				1EFFC242225C46AE00C13E70 /* LaunchScreen.storyboard */,
				1EFFC23D225C46AD00C13E70 /* Main.storyboard */,
			);
			path = View;
			sourceTree = "<group>";
		};
		1EFFC22D225C46AC00C13E70 = {
			isa = PBXGroup;
			children = (
				1EFFC238225C46AD00C13E70 /* Todooy */,
				1EFFC237225C46AD00C13E70 /* Products */,
				23BA4F5F7F4E85442E4DC054 /* Pods */,
				86E6C1287D242F0037497DF3 /* Frameworks */,
			);
			sourceTree = "<group>";
		};
		1EFFC237225C46AD00C13E70 /* Products */ = {
			isa = PBXGroup;
			children = (
				1EFFC236225C46AD00C13E70 /* Todooy.app */,
			);
			name = Products;
			sourceTree = "<group>";
		};
		1EFFC238225C46AD00C13E70 /* Todooy */ = {
			isa = PBXGroup;
			children = (
				1EFFC239225C46AD00C13E70 /* AppDelegate.swift */,
				1E479691225EBC4400F336EC /* Controllers */,
				1E479690225EBC2D00F336EC /* Data Model */,
				1E479692225EBC5900F336EC /* View */,
				1EFFC24B225C55F100C13E70 /* Supporting Files */,
				1EFFC245225C46AE00C13E70 /* Info.plist */,
			);
			path = Todooy;
			sourceTree = "<group>";
		};
		1EFFC24B225C55F100C13E70 /* Supporting Files */ = {
			isa = PBXGroup;
			children = (
				1EFFC240225C46AE00C13E70 /* Assets.xcassets */,
			);
			path = "Supporting Files";
			sourceTree = "<group>";
		};
		23BA4F5F7F4E85442E4DC054 /* Pods */ = {
			isa = PBXGroup;
			children = (
				EEBC09E2FBEAA0F2930D79FC /* Pods-Todooy.debug.xcconfig */,
				E50BCC84105EB57869E50485 /* Pods-Todooy.release.xcconfig */,
			);
			name = Pods;
			path = Pods;
			sourceTree = "<group>";
		};
		86E6C1287D242F0037497DF3 /* Frameworks */ = {
			isa = PBXGroup;
			children = (
				B2609DD33E40AAA4220B9C49 /* Pods_Todooy.framework */,
			);
			name = Frameworks;
			sourceTree = "<group>";
		};
/* End PBXGroup section */

/* Begin PBXNativeTarget section */
		1EFFC235225C46AC00C13E70 /* Todooy */ = {
			isa = PBXNativeTarget;
			buildConfigurationList = 1EFFC248225C46AE00C13E70 /* Build configuration list for PBXNativeTarget "Todooy" */;
			buildPhases = (
				FF303E88BA7EA32EA9FB9B8B /* [CP] Check Pods Manifest.lock */,
				1EFFC232225C46AC00C13E70 /* Sources */,
				1EFFC233225C46AC00C13E70 /* Frameworks */,
				1EFFC234225C46AC00C13E70 /* Resources */,
				45612445305D8FAB17B9FE7C /* [CP] Embed Pods Frameworks */,
			);
			buildRules = (
			);
			dependencies = (
			);
			name = Todooy;
			productName = Todooy;
			productReference = 1EFFC236225C46AD00C13E70 /* Todooy.app */;
			productType = "com.apple.product-type.application";
		};
/* End PBXNativeTarget section */

/* Begin PBXProject section */
		1EFFC22E225C46AC00C13E70 /* Project object */ = {
			isa = PBXProject;
			attributes = {
				LastSwiftUpdateCheck = 1020;
				LastUpgradeCheck = 1020;
				ORGANIZATIONNAME = "Them Rhinos";
				TargetAttributes = {
					1EFFC235225C46AC00C13E70 = {
						CreatedOnToolsVersion = 10.2;
					};
				};
			};
			buildConfigurationList = 1EFFC231225C46AC00C13E70 /* Build configuration list for PBXProject "Todooy" */;
			compatibilityVersion = "Xcode 9.3";
			developmentRegion = en;
			hasScannedForEncodings = 0;
			knownRegions = (
				en,
				Base,
			);
			mainGroup = 1EFFC22D225C46AC00C13E70;
			productRefGroup = 1EFFC237225C46AD00C13E70 /* Products */;
			projectDirPath = "";
			projectRoot = "";
			targets = (
				1EFFC235225C46AC00C13E70 /* Todooy */,
			);
		};
/* End PBXProject section */

/* Begin PBXResourcesBuildPhase section */
		1EFFC234225C46AC00C13E70 /* Resources */ = {
			isa = PBXResourcesBuildPhase;
			buildActionMask = 2147483647;
			files = (
				1EFFC244225C46AE00C13E70 /* LaunchScreen.storyboard in Resources */,
				1EFFC241225C46AE00C13E70 /* Assets.xcassets in Resources */,
				1EFFC23F225C46AD00C13E70 /* Main.storyboard in Resources */,
			);
			runOnlyForDeploymentPostprocessing = 0;
		};
/* End PBXResourcesBuildPhase section */

/* Begin PBXShellScriptBuildPhase section */
		45612445305D8FAB17B9FE7C /* [CP] Embed Pods Frameworks */ = {
			isa = PBXShellScriptBuildPhase;
			buildActionMask = 2147483647;
			files = (
			);
			inputFileListPaths = (
			);
			inputPaths = (
				"${PODS_ROOT}/Target Support Files/Pods-Todooy/Pods-Todooy-frameworks.sh",
				"${BUILT_PRODUCTS_DIR}/Realm/Realm.framework",
				"${BUILT_PRODUCTS_DIR}/RealmSwift/RealmSwift.framework",
			);
			name = "[CP] Embed Pods Frameworks";
			outputFileListPaths = (
			);
			outputPaths = (
				"${TARGET_BUILD_DIR}/${FRAMEWORKS_FOLDER_PATH}/Realm.framework",
				"${TARGET_BUILD_DIR}/${FRAMEWORKS_FOLDER_PATH}/RealmSwift.framework",
			);
			runOnlyForDeploymentPostprocessing = 0;
			shellPath = /bin/sh;
			shellScript = "\"${PODS_ROOT}/Target Support Files/Pods-Todooy/Pods-Todooy-frameworks.sh\"\n";
			showEnvVarsInLog = 0;
		};
		FF303E88BA7EA32EA9FB9B8B /* [CP] Check Pods Manifest.lock */ = {
			isa = PBXShellScriptBuildPhase;
			buildActionMask = 2147483647;
			files = (
			);
			inputFileListPaths = (
			);
			inputPaths = (
				"${PODS_PODFILE_DIR_PATH}/Podfile.lock",
				"${PODS_ROOT}/Manifest.lock",
			);
			name = "[CP] Check Pods Manifest.lock";
			outputFileListPaths = (
			);
			outputPaths = (
				"$(DERIVED_FILE_DIR)/Pods-Todooy-checkManifestLockResult.txt",
			);
			runOnlyForDeploymentPostprocessing = 0;
			shellPath = /bin/sh;
			shellScript = "diff \"${PODS_PODFILE_DIR_PATH}/Podfile.lock\" \"${PODS_ROOT}/Manifest.lock\" > /dev/null\nif [ $? != 0 ] ; then\n    # print error to STDERR\n    echo \"error: The sandbox is not in sync with the Podfile.lock. Run 'pod install' or update your CocoaPods installation.\" >&2\n    exit 1\nfi\n# This output is used by Xcode 'outputs' to avoid re-running this script phase.\necho \"SUCCESS\" > \"${SCRIPT_OUTPUT_FILE_0}\"\n";
			showEnvVarsInLog = 0;
		};
/* End PBXShellScriptBuildPhase section */

/* Begin PBXSourcesBuildPhase section */
		1EFFC232225C46AC00C13E70 /* Sources */ = {
			isa = PBXSourcesBuildPhase;
			buildActionMask = 2147483647;
			files = (
				1EFFC23C225C46AD00C13E70 /* TodoListViewController.swift in Sources */,
				1E3455BE2267D9A60018DADD /* DataModel.xcdatamodeld in Sources */,
				1EFFC23A225C46AD00C13E70 /* AppDelegate.swift in Sources */,
				1EF067AD226FFC64007679CF /* CategoryTableViewController.swift in Sources */,
			);
			runOnlyForDeploymentPostprocessing = 0;
		};
/* End PBXSourcesBuildPhase section */

/* Begin PBXVariantGroup section */
		1EFFC23D225C46AD00C13E70 /* Main.storyboard */ = {
			isa = PBXVariantGroup;
			children = (
				1EFFC23E225C46AD00C13E70 /* Base */,
			);
			name = Main.storyboard;
			sourceTree = "<group>";
		};
		1EFFC242225C46AE00C13E70 /* LaunchScreen.storyboard */ = {
			isa = PBXVariantGroup;
			children = (
				1EFFC243225C46AE00C13E70 /* Base */,
			);
			name = LaunchScreen.storyboard;
			sourceTree = "<group>";
		};
/* End PBXVariantGroup section */

/* Begin XCBuildConfiguration section */
		1EFFC246225C46AE00C13E70 /* Debug */ = {
			isa = XCBuildConfiguration;
			buildSettings = {
				ALWAYS_SEARCH_USER_PATHS = NO;
				CLANG_ANALYZER_NONNULL = YES;
				CLANG_ANALYZER_NUMBER_OBJECT_CONVERSION = YES_AGGRESSIVE;
				CLANG_CXX_LANGUAGE_STANDARD = "gnu++14";
				CLANG_CXX_LIBRARY = "libc++";
				CLANG_ENABLE_MODULES = YES;
				CLANG_ENABLE_OBJC_ARC = YES;
				CLANG_ENABLE_OBJC_WEAK = YES;
				CLANG_WARN_BLOCK_CAPTURE_AUTORELEASING = YES;
				CLANG_WARN_BOOL_CONVERSION = YES;
				CLANG_WARN_COMMA = YES;
				CLANG_WARN_CONSTANT_CONVERSION = YES;
				CLANG_WARN_DEPRECATED_OBJC_IMPLEMENTATIONS = YES;
				CLANG_WARN_DIRECT_OBJC_ISA_USAGE = YES_ERROR;
				CLANG_WARN_DOCUMENTATION_COMMENTS = YES;
				CLANG_WARN_EMPTY_BODY = YES;
				CLANG_WARN_ENUM_CONVERSION = YES;
				CLANG_WARN_INFINITE_RECURSION = YES;
				CLANG_WARN_INT_CONVERSION = YES;
				CLANG_WARN_NON_LITERAL_NULL_CONVERSION = YES;
				CLANG_WARN_OBJC_IMPLICIT_RETAIN_SELF = YES;
				CLANG_WARN_OBJC_LITERAL_CONVERSION = YES;
				CLANG_WARN_OBJC_ROOT_CLASS = YES_ERROR;
				CLANG_WARN_RANGE_LOOP_ANALYSIS = YES;
				CLANG_WARN_STRICT_PROTOTYPES = YES;
				CLANG_WARN_SUSPICIOUS_MOVE = YES;
				CLANG_WARN_UNGUARDED_AVAILABILITY = YES_AGGRESSIVE;
				CLANG_WARN_UNREACHABLE_CODE = YES;
				CLANG_WARN__DUPLICATE_METHOD_MATCH = YES;
				CODE_SIGN_IDENTITY = "iPhone Developer";
				COPY_PHASE_STRIP = NO;
				DEBUG_INFORMATION_FORMAT = dwarf;
				ENABLE_STRICT_OBJC_MSGSEND = YES;
				ENABLE_TESTABILITY = YES;
				GCC_C_LANGUAGE_STANDARD = gnu11;
				GCC_DYNAMIC_NO_PIC = NO;
				GCC_NO_COMMON_BLOCKS = YES;
				GCC_OPTIMIZATION_LEVEL = 0;
				GCC_PREPROCESSOR_DEFINITIONS = (
					"DEBUG=1",
					"$(inherited)",
				);
				GCC_WARN_64_TO_32_BIT_CONVERSION = YES;
				GCC_WARN_ABOUT_RETURN_TYPE = YES_ERROR;
				GCC_WARN_UNDECLARED_SELECTOR = YES;
				GCC_WARN_UNINITIALIZED_AUTOS = YES_AGGRESSIVE;
				GCC_WARN_UNUSED_FUNCTION = YES;
				GCC_WARN_UNUSED_VARIABLE = YES;
				IPHONEOS_DEPLOYMENT_TARGET = 12.2;
				MTL_ENABLE_DEBUG_INFO = INCLUDE_SOURCE;
				MTL_FAST_MATH = YES;
				ONLY_ACTIVE_ARCH = YES;
				SDKROOT = iphoneos;
				SWIFT_ACTIVE_COMPILATION_CONDITIONS = DEBUG;
				SWIFT_OPTIMIZATION_LEVEL = "-Onone";
			};
			name = Debug;
		};
		1EFFC247225C46AE00C13E70 /* Release */ = {
			isa = XCBuildConfiguration;
			buildSettings = {
				ALWAYS_SEARCH_USER_PATHS = NO;
				CLANG_ANALYZER_NONNULL = YES;
				CLANG_ANALYZER_NUMBER_OBJECT_CONVERSION = YES_AGGRESSIVE;
				CLANG_CXX_LANGUAGE_STANDARD = "gnu++14";
				CLANG_CXX_LIBRARY = "libc++";
				CLANG_ENABLE_MODULES = YES;
				CLANG_ENABLE_OBJC_ARC = YES;
				CLANG_ENABLE_OBJC_WEAK = YES;
				CLANG_WARN_BLOCK_CAPTURE_AUTORELEASING = YES;
				CLANG_WARN_BOOL_CONVERSION = YES;
				CLANG_WARN_COMMA = YES;
				CLANG_WARN_CONSTANT_CONVERSION = YES;
				CLANG_WARN_DEPRECATED_OBJC_IMPLEMENTATIONS = YES;
				CLANG_WARN_DIRECT_OBJC_ISA_USAGE = YES_ERROR;
				CLANG_WARN_DOCUMENTATION_COMMENTS = YES;
				CLANG_WARN_EMPTY_BODY = YES;
				CLANG_WARN_ENUM_CONVERSION = YES;
				CLANG_WARN_INFINITE_RECURSION = YES;
				CLANG_WARN_INT_CONVERSION = YES;
				CLANG_WARN_NON_LITERAL_NULL_CONVERSION = YES;
				CLANG_WARN_OBJC_IMPLICIT_RETAIN_SELF = YES;
				CLANG_WARN_OBJC_LITERAL_CONVERSION = YES;
				CLANG_WARN_OBJC_ROOT_CLASS = YES_ERROR;
				CLANG_WARN_RANGE_LOOP_ANALYSIS = YES;
				CLANG_WARN_STRICT_PROTOTYPES = YES;
				CLANG_WARN_SUSPICIOUS_MOVE = YES;
				CLANG_WARN_UNGUARDED_AVAILABILITY = YES_AGGRESSIVE;
				CLANG_WARN_UNREACHABLE_CODE = YES;
				CLANG_WARN__DUPLICATE_METHOD_MATCH = YES;
				CODE_SIGN_IDENTITY = "iPhone Developer";
				COPY_PHASE_STRIP = NO;
				DEBUG_INFORMATION_FORMAT = "dwarf-with-dsym";
				ENABLE_NS_ASSERTIONS = NO;
				ENABLE_STRICT_OBJC_MSGSEND = YES;
				GCC_C_LANGUAGE_STANDARD = gnu11;
				GCC_NO_COMMON_BLOCKS = YES;
				GCC_WARN_64_TO_32_BIT_CONVERSION = YES;
				GCC_WARN_ABOUT_RETURN_TYPE = YES_ERROR;
				GCC_WARN_UNDECLARED_SELECTOR = YES;
				GCC_WARN_UNINITIALIZED_AUTOS = YES_AGGRESSIVE;
				GCC_WARN_UNUSED_FUNCTION = YES;
				GCC_WARN_UNUSED_VARIABLE = YES;
				IPHONEOS_DEPLOYMENT_TARGET = 12.2;
				MTL_ENABLE_DEBUG_INFO = NO;
				MTL_FAST_MATH = YES;
				SDKROOT = iphoneos;
				SWIFT_COMPILATION_MODE = wholemodule;
				SWIFT_OPTIMIZATION_LEVEL = "-O";
				VALIDATE_PRODUCT = YES;
			};
			name = Release;
		};
		1EFFC249225C46AE00C13E70 /* Debug */ = {
			isa = XCBuildConfiguration;
			baseConfigurationReference = EEBC09E2FBEAA0F2930D79FC /* Pods-Todooy.debug.xcconfig */;
			buildSettings = {
				ASSETCATALOG_COMPILER_APPICON_NAME = AppIcon;
				CODE_SIGN_STYLE = Automatic;
				DEVELOPMENT_TEAM = JA7JN58M85;
				INFOPLIST_FILE = Todooy/Info.plist;
				LD_RUNPATH_SEARCH_PATHS = (
					"$(inherited)",
					"@executable_path/Frameworks",
				);
				PRODUCT_BUNDLE_IDENTIFIER = com.themrhinos.Todooy;
				PRODUCT_NAME = "$(TARGET_NAME)";
				SWIFT_VERSION = 5.0;
				TARGETED_DEVICE_FAMILY = "1,2";
			};
			name = Debug;
		};
		1EFFC24A225C46AE00C13E70 /* Release */ = {
			isa = XCBuildConfiguration;
			baseConfigurationReference = E50BCC84105EB57869E50485 /* Pods-Todooy.release.xcconfig */;
			buildSettings = {
				ASSETCATALOG_COMPILER_APPICON_NAME = AppIcon;
				CODE_SIGN_STYLE = Automatic;
				DEVELOPMENT_TEAM = JA7JN58M85;
				INFOPLIST_FILE = Todooy/Info.plist;
				LD_RUNPATH_SEARCH_PATHS = (
					"$(inherited)",
					"@executable_path/Frameworks",
				);
				PRODUCT_BUNDLE_IDENTIFIER = com.themrhinos.Todooy;
				PRODUCT_NAME = "$(TARGET_NAME)";
				SWIFT_VERSION = 5.0;
				TARGETED_DEVICE_FAMILY = "1,2";
			};
			name = Release;
		};
/* End XCBuildConfiguration section */

/* Begin XCConfigurationList section */
		1EFFC231225C46AC00C13E70 /* Build configuration list for PBXProject "Todooy" */ = {
			isa = XCConfigurationList;
			buildConfigurations = (
				1EFFC246225C46AE00C13E70 /* Debug */,
				1EFFC247225C46AE00C13E70 /* Release */,
			);
			defaultConfigurationIsVisible = 0;
			defaultConfigurationName = Release;
		};
		1EFFC248225C46AE00C13E70 /* Build configuration list for PBXNativeTarget "Todooy" */ = {
			isa = XCConfigurationList;
			buildConfigurations = (
				1EFFC249225C46AE00C13E70 /* Debug */,
				1EFFC24A225C46AE00C13E70 /* Release */,
			);
			defaultConfigurationIsVisible = 0;
			defaultConfigurationName = Release;
		};
/* End XCConfigurationList section */

/* Begin XCVersionGroup section */
		1E3455BC2267D9A60018DADD /* DataModel.xcdatamodeld */ = {
			isa = XCVersionGroup;
			children = (
				1E3455BD2267D9A60018DADD /* DataModel.xcdatamodel */,
			);
			currentVersion = 1E3455BD2267D9A60018DADD /* DataModel.xcdatamodel */;
			path = DataModel.xcdatamodeld;
			sourceTree = "<group>";
			versionGroupType = wrapper.xcdatamodel;
		};
/* End XCVersionGroup section */
	};
	rootObject = 1EFFC22E225C46AC00C13E70 /* Project object */;
}
